# .github/workflows/generate-yarn-lock.yml
name: Generate Yarn Lockfile

on:
  workflow_dispatch:

jobs:
  generate:
    runs-on: ubuntu-latest
    defaults:
      run:
        working-directory: frontend

    steps:
      - uses: actions/checkout@v4

      - name: Setup Node.js
        uses: actions/setup-node@v4
        with:
          node-version: 18

      - name: Enable corepack
        run: corepack enable

      - name: Install dependencies and generate yarn.lock
        run: yarn install --non-interactive

      - name: Commit yarn.lock
        run: |
          git config --global user.name "github-actions[bot]"
          git config --global user.email "github-actions[bot]@users.noreply.github.com"
          git add yarn.lock
          git commit -m "Add generated yarn.lock" || echo "No changes"
          git push
